
Microsoft Visual Studio Solution File, Format Version 12.00
# Visual Studio Version 17
VisualStudioVersion = 17.4.33110.190
MinimumVisualStudioVersion = 10.0.40219.1
Project("{9A19103F-16F7-4668-BE54-9A1E7A4F7556}") = "ToDoApi", "ToDoApi\ToDoApi.csproj", "{6CE41E37-67A5-461B-A59D-AD96AF5498F8}"
EndProject
Project("{9A19103F-16F7-4668-BE54-9A1E7A4F7556}") = "TodoApp", "TodoApp\TodoApp.csproj", "{9E4FD35F-8D42-4659-A692-EE06554F581A}"
EndProject
Project("{FAE04EC0-301F-11D3-BF4B-00C04F79EFBC}") = "Todo.Models", "Todo.Models\Todo.Models.csproj", "{2DB6BBAC-D618-4917-9708-51C7489E2BA4}"
EndProject
Global
	GlobalSection(SolutionConfigurationPlatforms) = preSolution
		Debug|Any CPU = Debug|Any CPU
		Release|Any CPU = Release|Any CPU
	EndGlobalSection
	GlobalSection(ProjectConfigurationPlatforms) = postSolution
		{6CE41E37-67A5-461B-A59D-AD96AF5498F8}.Debug|Any CPU.ActiveCfg = Debug|Any CPU
		{6CE41E37-67A5-461B-A59D-AD96AF5498F8}.Debug|Any CPU.Build.0 = Debug|Any CPU
		{6CE41E37-67A5-461B-A59D-AD96AF5498F8}.Release|Any CPU.ActiveCfg = Release|Any CPU
		{6CE41E37-67A5-461B-A59D-AD96AF5498F8}.Release|Any CPU.Build.0 = Release|Any CPU
		{9E4FD35F-8D42-4659-A692-EE06554F581A}.Debug|Any CPU.ActiveCfg = Debug|Any CPU
		{9E4FD35F-8D42-4659-A692-EE06554F581A}.Debug|Any CPU.Build.0 = Debug|Any CPU
		{9E4FD35F-8D42-4659-A692-EE06554F581A}.Release|Any CPU.ActiveCfg = Release|Any CPU
		{9E4FD35F-8D42-4659-A692-EE06554F581A}.Release|Any CPU.Build.0 = Release|Any CPU
		{2DB6BBAC-D618-4917-9708-51C7489E2BA4}.Debug|Any CPU.ActiveCfg = Debug|Any CPU
		{2DB6BBAC-D618-4917-9708-51C7489E2BA4}.Debug|Any CPU.Build.0 = Debug|Any CPU
		{2DB6BBAC-D618-4917-9708-51C7489E2BA4}.Release|Any CPU.ActiveCfg = Release|Any CPU
		{2DB6BBAC-D618-4917-9708-51C7489E2BA4}.Release|Any CPU.Build.0 = Release|Any CPU
	EndGlobalSection
	GlobalSection(SolutionProperties) = preSolution
		HideSolutionNode = FALSE
	EndGlobalSection
	GlobalSection(ExtensibilityGlobals) = postSolution
		SolutionGuid = {C5EA66BD-4F56-43DC-BC0A-4FDAAD470D23}
	EndGlobalSection
EndGlobal
